
Microsoft Visual Studio Solution File, Format Version 12.00
# Visual Studio 15
VisualStudioVersion = 15.0.28307.1300
MinimumVisualStudioVersion = 10.0.40219.1
Project("{E24C65DC-7377-472B-9ABA-BC803B73C61A}") = "summons", "summons\", "{21108463-A655-48B1-AC28-8DF66E670603}"
	ProjectSection(WebsiteProperties) = preProject
		TargetFrameworkMoniker = ".NETFramework,Version%3Dv4.6.1"
		Debug.AspNetCompiler.VirtualPath = "/localhost_49751"
		Debug.AspNetCompiler.PhysicalPath = "summons\"
		Debug.AspNetCompiler.TargetPath = "PrecompiledWeb\localhost_49751\"
		Debug.AspNetCompiler.Updateable = "true"
		Debug.AspNetCompiler.ForceOverwrite = "true"
		Debug.AspNetCompiler.FixedNames = "false"
		Debug.AspNetCompiler.Debug = "True"
		Release.AspNetCompiler.VirtualPath = "/localhost_49751"
		Release.AspNetCompiler.PhysicalPath = "summons\"
		Release.AspNetCompiler.TargetPath = "PrecompiledWeb\localhost_49751\"
		Release.AspNetCompiler.Updateable = "true"
		Release.AspNetCompiler.ForceOverwrite = "true"
		Release.AspNetCompiler.FixedNames = "false"
		Release.AspNetCompiler.Debug = "False"
		VWDPort = "49751"
		SlnRelativePath = "summons\"
		DefaultWebSiteLanguage = "Visual C#"
	EndProjectSection
EndProject
Global
	GlobalSection(SolutionConfigurationPlatforms) = preSolution
		Debug|Any CPU = Debug|Any CPU
	EndGlobalSection
	GlobalSection(ProjectConfigurationPlatforms) = postSolution
		{21108463-A655-48B1-AC28-8DF66E670603}.Debug|Any CPU.ActiveCfg = Debug|Any CPU
		{21108463-A655-48B1-AC28-8DF66E670603}.Debug|Any CPU.Build.0 = Debug|Any CPU
	EndGlobalSection
	GlobalSection(SolutionProperties) = preSolution
		HideSolutionNode = FALSE
	EndGlobalSection
	GlobalSection(ExtensibilityGlobals) = postSolution
		SolutionGuid = {0A9644CD-87F4-4FEA-B3A2-EDA62E6C9AFC}
	EndGlobalSection
EndGlobal
